<?xml version="1.0" encoding="utf-8"?>
<Project ToolsVersion="4.0" xmlns="http://schemas.microsoft.com/developer/msbuild/2003">
  <ItemGroup>
    <Filter Include="源文件">
      <UniqueIdentifier>{4FC737F1-C7A5-4376-A066-2A32D752A2FF}</UniqueIdentifier>
      <Extensions>cpp;c;cc;cxx;def;odl;idl;hpj;bat;asm;asmx</Extensions>
    </Filter>
    <Filter Include="头文件">
      <UniqueIdentifier>{93995380-89BD-4b04-88EB-625FBE52EBFB}</UniqueIdentifier>
      <Extensions>h;hpp;hxx;hm;inl;inc;xsd</Extensions>
    </Filter>
    <Filter Include="资源文件">
      <UniqueIdentifier>{67DA6AB6-F800-4c08-8B7A-83BB121AAD01}</UniqueIdentifier>
      <Extensions>rc;ico;cur;bmp;dlg;rc2;rct;bin;rgs;gif;jpg;jpeg;jpe;resx;tiff;tif;png;wav;mfcribbon-ms</Extensions>
    </Filter>
    <Filter Include="LUA">
      <UniqueIdentifier>{7ee1f13f-c2ef-4600-af67-15dd61408be0}</UniqueIdentifier>
    </Filter>
    <Filter Include="LIB">
      <UniqueIdentifier>{8db3c1fb-8066-4a25-bc9b-c3d0b6119b19}</UniqueIdentifier>
    </Filter>
    <Filter Include="Version">
      <UniqueIdentifier>{9d6163bc-3941-4145-be89-8a9e02b582c2}</UniqueIdentifier>
    </Filter>
  </ItemGroup>
  <ItemGroup>
    <ClCompile Include="main.cpp">
      <Filter>源文件</Filter>
    </ClCompile>
    <ClCompile Include="MyGameApp.cpp">
      <Filter>源文件</Filter>
    </ClCompile>
    <ClCompile Include="MyTerrain.cpp">
      <Filter>源文件</Filter>
    </ClCompile>
    <ClCompile Include="stdafx.cpp">
      <Filter>源文件</Filter>
    </ClCompile>
    <ClCompile Include="MyPageManager.cpp">
      <Filter>源文件</Filter>
    </ClCompile>
    <ClCompile Include="InputHook.cpp">
      <Filter>头文件</Filter>
    </ClCompile>
    <ClCompile Include="MyGameStateManager.cpp">
      <Filter>源文件</Filter>
    </ClCompile>
    <ClCompile Include="MyCardManager.cpp">
      <Filter>源文件</Filter>
    </ClCompile>
    <ClCompile Include="lua_tinker.cpp">
      <Filter>LUA</Filter>
    </ClCompile>
    <ClCompile Include="Global.cpp">
      <Filter>源文件</Filter>
    </ClCompile>
    <ClCompile Include="CollisionTools.cpp">
      <Filter>LIB</Filter>
    </ClCompile>
    <ClCompile Include="MyUIUpdater.cpp">
      <Filter>源文件</Filter>
    </ClCompile>
    <ClCompile Include="MyBuffManager.cpp">
      <Filter>源文件</Filter>
    </ClCompile>
    <ClCompile Include="MyTransformer.cpp">
      <Filter>源文件</Filter>
    </ClCompile>
  </ItemGroup>
  <ItemGroup>
    <ClInclude Include="stdafx.h">
      <Filter>头文件</Filter>
    </ClInclude>
    <ClInclude Include="MyGameApp.h">
      <Filter>头文件</Filter>
    </ClInclude>
    <ClInclude Include="MyTerrain.h">
      <Filter>头文件</Filter>
    </ClInclude>
    <ClInclude Include="MyPageManager.h">
      <Filter>头文件</Filter>
    </ClInclude>
    <ClInclude Include="InputHook.h">
      <Filter>头文件</Filter>
    </ClInclude>
    <ClInclude Include="MyGameStateManager.h">
      <Filter>头文件</Filter>
    </ClInclude>
    <ClInclude Include="MyCardManager.h">
      <Filter>头文件</Filter>
    </ClInclude>
    <ClInclude Include="lua_tinker.h">
      <Filter>LUA</Filter>
    </ClInclude>
    <ClInclude Include="resource.h">
      <Filter>头文件</Filter>
    </ClInclude>
    <ClInclude Include="Global.h">
      <Filter>头文件</Filter>
    </ClInclude>
    <ClInclude Include="CollisionTools.h">
      <Filter>LIB</Filter>
    </ClInclude>
    <ClInclude Include="MyUIUpdater.h">
      <Filter>头文件</Filter>
    </ClInclude>
    <ClInclude Include="MyBuffManager.h">
      <Filter>头文件</Filter>
    </ClInclude>
    <ClInclude Include="MyTransformer.h">
      <Filter>头文件</Filter>
    </ClInclude>
    <ClInclude Include="BuildVersion.h">
      <Filter>Version</Filter>
    </ClInclude>
    <ClInclude Include="GitVersion.h">
      <Filter>Version</Filter>
    </ClInclude>
  </ItemGroup>
  <ItemGroup>
    <ResourceCompile Include="QtOgreGame.rc">
      <Filter>资源文件</Filter>
    </ResourceCompile>
  </ItemGroup>
</Project>